// !$*UTF8*$!
{
	archiveVersion = 1;
	classes = {
	};
	objectVersion = 55;
	objects = {

/* Begin PBXBuildFile section */
		C5EAD9542924D9AE00D44073 /* AppDelegate.swift in Sources */ = {isa = PBXBuildFile; fileRef = C5EAD9532924D9AE00D44073 /* AppDelegate.swift */; };
		C5EAD9562924D9AE00D44073 /* SceneDelegate.swift in Sources */ = {isa = PBXBuildFile; fileRef = C5EAD9552924D9AE00D44073 /* SceneDelegate.swift */; };
		C5EAD9582924D9AE00D44073 /* ViewController.swift in Sources */ = {isa = PBXBuildFile; fileRef = C5EAD9572924D9AE00D44073 /* ViewController.swift */; };
		C5EAD95B2924D9AE00D44073 /* Main.storyboard in Resources */ = {isa = PBXBuildFile; fileRef = C5EAD9592924D9AE00D44073 /* Main.storyboard */; };
		C5EAD95D2924D9AF00D44073 /* Assets.xcassets in Resources */ = {isa = PBXBuildFile; fileRef = C5EAD95C2924D9AF00D44073 /* Assets.xcassets */; };
		C5EAD9602924D9AF00D44073 /* LaunchScreen.storyboard in Resources */ = {isa = PBXBuildFile; fileRef = C5EAD95E2924D9AF00D44073 /* LaunchScreen.storyboard */; };
		C5EAD9692924D9ED00D44073 /* TweetListTableViewCell.swift in Sources */ = {isa = PBXBuildFile; fileRef = C5EAD9672924D9ED00D44073 /* TweetListTableViewCell.swift */; };
		C5EAD96A2924D9ED00D44073 /* TweetListTableViewCell.xib in Resources */ = {isa = PBXBuildFile; fileRef = C5EAD9682924D9ED00D44073 /* TweetListTableViewCell.xib */; };
/* End PBXBuildFile section */

/* Begin PBXFileReference section */
		C5EAD9502924D9AE00D44073 /* WebViewInCell.app */ = {isa = PBXFileReference; explicitFileType = wrapper.application; includeInIndex = 0; path = WebViewInCell.app; sourceTree = BUILT_PRODUCTS_DIR; };
		C5EAD9532924D9AE00D44073 /* AppDelegate.swift */ = {isa = PBXFileReference; lastKnownFileType = sourcecode.swift; path = AppDelegate.swift; sourceTree = "<group>"; };
		C5EAD9552924D9AE00D44073 /* SceneDelegate.swift */ = {isa = PBXFileReference; lastKnownFileType = sourcecode.swift; path = SceneDelegate.swift; sourceTree = "<group>"; };
		C5EAD9572924D9AE00D44073 /* ViewController.swift */ = {isa = PBXFileReference; lastKnownFileType = sourcecode.swift; path = ViewController.swift; sourceTree = "<group>"; };
		C5EAD95A2924D9AE00D44073 /* Base */ = {isa = PBXFileReference; lastKnownFileType = file.storyboard; name = Base; path = Base.lproj/Main.storyboard; sourceTree = "<group>"; };
		C5EAD95C2924D9AF00D44073 /* Assets.xcassets */ = {isa = PBXFileReference; lastKnownFileType = folder.assetcatalog; path = Assets.xcassets; sourceTree = "<group>"; };
		C5EAD95F2924D9AF00D44073 /* Base */ = {isa = PBXFileReference; lastKnownFileType = file.storyboard; name = Base; path = Base.lproj/LaunchScreen.storyboard; sourceTree = "<group>"; };
		C5EAD9612924D9AF00D44073 /* Info.plist */ = {isa = PBXFileReference; lastKnownFileType = text.plist.xml; path = Info.plist; sourceTree = "<group>"; };
		C5EAD9672924D9ED00D44073 /* TweetListTableViewCell.swift */ = {isa = PBXFileReference; lastKnownFileType = sourcecode.swift; path = TweetListTableViewCell.swift; sourceTree = "<group>"; };
		C5EAD9682924D9ED00D44073 /* TweetListTableViewCell.xib */ = {isa = PBXFileReference; lastKnownFileType = file.xib; path = TweetListTableViewCell.xib; sourceTree = "<group>"; };
/* End PBXFileReference section */

/* Begin PBXFrameworksBuildPhase section */
		C5EAD94D2924D9AE00D44073 /* Frameworks */ = {
			isa = PBXFrameworksBuildPhase;
			buildActionMask = 2147483647;
			files = (
			);
			runOnlyForDeploymentPostprocessing = 0;
		};
/* End PBXFrameworksBuildPhase section */

/* Begin PBXGroup section */
		C5EAD9472924D9AE00D44073 = {
			isa = PBXGroup;
			children = (
				C5EAD9522924D9AE00D44073 /* WebViewInCell */,
				C5EAD9512924D9AE00D44073 /* Products */,
			);
			sourceTree = "<group>";
		};
		C5EAD9512924D9AE00D44073 /* Products */ = {
			isa = PBXGroup;
			children = (
				C5EAD9502924D9AE00D44073 /* WebViewInCell.app */,
			);
			name = Products;
			sourceTree = "<group>";
		};
		C5EAD9522924D9AE00D44073 /* WebViewInCell */ = {
			isa = PBXGroup;
			children = (
				C5EAD9532924D9AE00D44073 /* AppDelegate.swift */,
				C5EAD9552924D9AE00D44073 /* SceneDelegate.swift */,
				C5EAD9572924D9AE00D44073 /* ViewController.swift */,
				C5EAD9592924D9AE00D44073 /* Main.storyboard */,
				C5EAD95C2924D9AF00D44073 /* Assets.xcassets */,
				C5EAD95E2924D9AF00D44073 /* LaunchScreen.storyboard */,
				C5EAD9612924D9AF00D44073 /* Info.plist */,
				C5EAD9672924D9ED00D44073 /* TweetListTableViewCell.swift */,
				C5EAD9682924D9ED00D44073 /* TweetListTableViewCell.xib */,
			);
			path = WebViewInCell;
			sourceTree = "<group>";
		};
/* End PBXGroup section */

/* Begin PBXNativeTarget section */
		C5EAD94F2924D9AE00D44073 /* WebViewInCell */ = {
			isa = PBXNativeTarget;
			buildConfigurationList = C5EAD9642924D9AF00D44073 /* Build configuration list for PBXNativeTarget "WebViewInCell" */;
			buildPhases = (
				C5EAD94C2924D9AE00D44073 /* Sources */,
				C5EAD94D2924D9AE00D44073 /* Frameworks */,
				C5EAD94E2924D9AE00D44073 /* Resources */,
			);
			buildRules = (
			);
			dependencies = (
			);
			name = WebViewInCell;
			productName = WebViewInCell;
			productReference = C5EAD9502924D9AE00D44073 /* WebViewInCell.app */;
			productType = "com.apple.product-type.application";
		};
/* End PBXNativeTarget section */

/* Begin PBXProject section */
		C5EAD9482924D9AE00D44073 /* Project object */ = {
			isa = PBXProject;
			attributes = {
				BuildIndependentTargetsInParallel = 1;
				LastSwiftUpdateCheck = 1340;
				LastUpgradeCheck = 1340;
				TargetAttributes = {
					C5EAD94F2924D9AE00D44073 = {
						CreatedOnToolsVersion = 13.4.1;
					};
				};
			};
			buildConfigurationList = C5EAD94B2924D9AE00D44073 /* Build configuration list for PBXProject "WebViewInCell" */;
			compatibilityVersion = "Xcode 13.0";
			developmentRegion = en;
			hasScannedForEncodings = 0;
			knownRegions = (
				en,
				Base,
			);
			mainGroup = C5EAD9472924D9AE00D44073;
			productRefGroup = C5EAD9512924D9AE00D44073 /* Products */;
			projectDirPath = "";
			projectRoot = "";
			targets = (
				C5EAD94F2924D9AE00D44073 /* WebViewInCell */,
			);
		};
/* End PBXProject section */

/* Begin PBXResourcesBuildPhase section */
		C5EAD94E2924D9AE00D44073 /* Resources */ = {
			isa = PBXResourcesBuildPhase;
			buildActionMask = 2147483647;
			files = (
				C5EAD9602924D9AF00D44073 /* LaunchScreen.storyboard in Resources */,
				C5EAD95D2924D9AF00D44073 /* Assets.xcassets in Resources */,
				C5EAD95B2924D9AE00D44073 /* Main.storyboard in Resources */,
				C5EAD96A2924D9ED00D44073 /* TweetListTableViewCell.xib in Resources */,
			);
			runOnlyForDeploymentPostprocessing = 0;
		};
/* End PBXResourcesBuildPhase section */

/* Begin PBXSourcesBuildPhase section */
		C5EAD94C2924D9AE00D44073 /* Sources */ = {
			isa = PBXSourcesBuildPhase;
			buildActionMask = 2147483647;
			files = (
				C5EAD9582924D9AE00D44073 /* ViewController.swift in Sources */,
				C5EAD9542924D9AE00D44073 /* AppDelegate.swift in Sources */,
				C5EAD9562924D9AE00D44073 /* SceneDelegate.swift in Sources */,
				C5EAD9692924D9ED00D44073 /* TweetListTableViewCell.swift in Sources */,
			);
			runOnlyForDeploymentPostprocessing = 0;
		};
/* End PBXSourcesBuildPhase section */

/* Begin PBXVariantGroup section */
		C5EAD9592924D9AE00D44073 /* Main.storyboard */ = {
			isa = PBXVariantGroup;
			children = (
				C5EAD95A2924D9AE00D44073 /* Base */,
			);
			name = Main.storyboard;
			sourceTree = "<group>";
		};
		C5EAD95E2924D9AF00D44073 /* LaunchScreen.storyboard */ = {
			isa = PBXVariantGroup;
			children = (
				C5EAD95F2924D9AF00D44073 /* Base */,
			);
			name = LaunchScreen.storyboard;
			sourceTree = "<group>";
		};
/* End PBXVariantGroup section */

/* Begin XCBuildConfiguration section */
		C5EAD9622924D9AF00D44073 /* Debug */ = {
			isa = XCBuildConfiguration;
			buildSettings = {
				ALWAYS_SEARCH_USER_PATHS = NO;
				CLANG_ANALYZER_NONNULL = YES;
				CLANG_ANALYZER_NUMBER_OBJECT_CONVERSION = YES_AGGRESSIVE;
				CLANG_CXX_LANGUAGE_STANDARD = "gnu++17";
				CLANG_ENABLE_MODULES = YES;
				CLANG_ENABLE_OBJC_ARC = YES;
				CLANG_ENABLE_OBJC_WEAK = YES;
				CLANG_WARN_BLOCK_CAPTURE_AUTORELEASING = YES;
				CLANG_WARN_BOOL_CONVERSION = YES;
				CLANG_WARN_COMMA = YES;
				CLANG_WARN_CONSTANT_CONVERSION = YES;
				CLANG_WARN_DEPRECATED_OBJC_IMPLEMENTATIONS = YES;
				CLANG_WARN_DIRECT_OBJC_ISA_USAGE = YES_ERROR;
				CLANG_WARN_DOCUMENTATION_COMMENTS = YES;
				CLANG_WARN_EMPTY_BODY = YES;
				CLANG_WARN_ENUM_CONVERSION = YES;
				CLANG_WARN_INFINITE_RECURSION = YES;
				CLANG_WARN_INT_CONVERSION = YES;
				CLANG_WARN_NON_LITERAL_NULL_CONVERSION = YES;
				CLANG_WARN_OBJC_IMPLICIT_RETAIN_SELF = YES;
				CLANG_WARN_OBJC_LITERAL_CONVERSION = YES;
				CLANG_WARN_OBJC_ROOT_CLASS = YES_ERROR;
				CLANG_WARN_QUOTED_INCLUDE_IN_FRAMEWORK_HEADER = YES;
				CLANG_WARN_RANGE_LOOP_ANALYSIS = YES;
				CLANG_WARN_STRICT_PROTOTYPES = YES;
				CLANG_WARN_SUSPICIOUS_MOVE = YES;
				CLANG_WARN_UNGUARDED_AVAILABILITY = YES_AGGRESSIVE;
				CLANG_WARN_UNREACHABLE_CODE = YES;
				CLANG_WARN__DUPLICATE_METHOD_MATCH = YES;
				COPY_PHASE_STRIP = NO;
				DEBUG_INFORMATION_FORMAT = dwarf;
				ENABLE_STRICT_OBJC_MSGSEND = YES;
				ENABLE_TESTABILITY = YES;
				GCC_C_LANGUAGE_STANDARD = gnu11;
				GCC_DYNAMIC_NO_PIC = NO;
				GCC_NO_COMMON_BLOCKS = YES;
				GCC_OPTIMIZATION_LEVEL = 0;
				GCC_PREPROCESSOR_DEFINITIONS = (
					"DEBUG=1",
					"$(inherited)",
				);
				GCC_WARN_64_TO_32_BIT_CONVERSION = YES;
				GCC_WARN_ABOUT_RETURN_TYPE = YES_ERROR;
				GCC_WARN_UNDECLARED_SELECTOR = YES;
				GCC_WARN_UNINITIALIZED_AUTOS = YES_AGGRESSIVE;
				GCC_WARN_UNUSED_FUNCTION = YES;
				GCC_WARN_UNUSED_VARIABLE = YES;
				IPHONEOS_DEPLOYMENT_TARGET = 15.5;
				MTL_ENABLE_DEBUG_INFO = INCLUDE_SOURCE;
				MTL_FAST_MATH = YES;
				ONLY_ACTIVE_ARCH = YES;
				SDKROOT = iphoneos;
				SWIFT_ACTIVE_COMPILATION_CONDITIONS = DEBUG;
				SWIFT_OPTIMIZATION_LEVEL = "-Onone";
			};
			name = Debug;
		};
		C5EAD9632924D9AF00D44073 /* Release */ = {
			isa = XCBuildConfiguration;
			buildSettings = {
				ALWAYS_SEARCH_USER_PATHS = NO;
				CLANG_ANALYZER_NONNULL = YES;
				CLANG_ANALYZER_NUMBER_OBJECT_CONVERSION = YES_AGGRESSIVE;
				CLANG_CXX_LANGUAGE_STANDARD = "gnu++17";
				CLANG_ENABLE_MODULES = YES;
				CLANG_ENABLE_OBJC_ARC = YES;
				CLANG_ENABLE_OBJC_WEAK = YES;
				CLANG_WARN_BLOCK_CAPTURE_AUTORELEASING = YES;
				CLANG_WARN_BOOL_CONVERSION = YES;
				CLANG_WARN_COMMA = YES;
				CLANG_WARN_CONSTANT_CONVERSION = YES;
				CLANG_WARN_DEPRECATED_OBJC_IMPLEMENTATIONS = YES;
				CLANG_WARN_DIRECT_OBJC_ISA_USAGE = YES_ERROR;
				CLANG_WARN_DOCUMENTATION_COMMENTS = YES;
				CLANG_WARN_EMPTY_BODY = YES;
				CLANG_WARN_ENUM_CONVERSION = YES;
				CLANG_WARN_INFINITE_RECURSION = YES;
				CLANG_WARN_INT_CONVERSION = YES;
				CLANG_WARN_NON_LITERAL_NULL_CONVERSION = YES;
				CLANG_WARN_OBJC_IMPLICIT_RETAIN_SELF = YES;
				CLANG_WARN_OBJC_LITERAL_CONVERSION = YES;
				CLANG_WARN_OBJC_ROOT_CLASS = YES_ERROR;
				CLANG_WARN_QUOTED_INCLUDE_IN_FRAMEWORK_HEADER = YES;
				CLANG_WARN_RANGE_LOOP_ANALYSIS = YES;
				CLANG_WARN_STRICT_PROTOTYPES = YES;
				CLANG_WARN_SUSPICIOUS_MOVE = YES;
				CLANG_WARN_UNGUARDED_AVAILABILITY = YES_AGGRESSIVE;
				CLANG_WARN_UNREACHABLE_CODE = YES;
				CLANG_WARN__DUPLICATE_METHOD_MATCH = YES;
				COPY_PHASE_STRIP = NO;
				DEBUG_INFORMATION_FORMAT = "dwarf-with-dsym";
				ENABLE_NS_ASSERTIONS = NO;
				ENABLE_STRICT_OBJC_MSGSEND = YES;
				GCC_C_LANGUAGE_STANDARD = gnu11;
				GCC_NO_COMMON_BLOCKS = YES;
				GCC_WARN_64_TO_32_BIT_CONVERSION = YES;
				GCC_WARN_ABOUT_RETURN_TYPE = YES_ERROR;
				GCC_WARN_UNDECLARED_SELECTOR = YES;
				GCC_WARN_UNINITIALIZED_AUTOS = YES_AGGRESSIVE;
				GCC_WARN_UNUSED_FUNCTION = YES;
				GCC_WARN_UNUSED_VARIABLE = YES;
				IPHONEOS_DEPLOYMENT_TARGET = 15.5;
				MTL_ENABLE_DEBUG_INFO = NO;
				MTL_FAST_MATH = YES;
				SDKROOT = iphoneos;
				SWIFT_COMPILATION_MODE = wholemodule;
				SWIFT_OPTIMIZATION_LEVEL = "-O";
				VALIDATE_PRODUCT = YES;
			};
			name = Release;
		};
		C5EAD9652924D9AF00D44073 /* Debug */ = {
			isa = XCBuildConfiguration;
			buildSettings = {
				ASSETCATALOG_COMPILER_APPICON_NAME = AppIcon;
				ASSETCATALOG_COMPILER_GLOBAL_ACCENT_COLOR_NAME = AccentColor;
				CODE_SIGN_STYLE = Automatic;
				CURRENT_PROJECT_VERSION = 1;
				DEVELOPMENT_TEAM = A9S7ZDQSZC;
				GENERATE_INFOPLIST_FILE = YES;
				INFOPLIST_FILE = WebViewInCell/Info.plist;
				INFOPLIST_KEY_UIApplicationSupportsIndirectInputEvents = YES;
				INFOPLIST_KEY_UILaunchStoryboardName = LaunchScreen;
				INFOPLIST_KEY_UIMainStoryboardFile = Main;
				INFOPLIST_KEY_UISupportedInterfaceOrientations_iPad = "UIInterfaceOrientationPortrait UIInterfaceOrientationPortraitUpsideDown UIInterfaceOrientationLandscapeLeft UIInterfaceOrientationLandscapeRight";
				INFOPLIST_KEY_UISupportedInterfaceOrientations_iPhone = "UIInterfaceOrientationPortrait UIInterfaceOrientationLandscapeLeft UIInterfaceOrientationLandscapeRight";
				LD_RUNPATH_SEARCH_PATHS = (
					"$(inherited)",
					"@executable_path/Frameworks",
				);
				MARKETING_VERSION = 1.0;
				PRODUCT_BUNDLE_IDENTIFIER = com.sametkoyuncu.WebViewInCell;
				PRODUCT_NAME = "$(TARGET_NAME)";
				SWIFT_EMIT_LOC_STRINGS = YES;
				SWIFT_VERSION = 5.0;
				TARGETED_DEVICE_FAMILY = "1,2";
			};
			name = Debug;
		};
		C5EAD9662924D9AF00D44073 /* Release */ = {
			isa = XCBuildConfiguration;
			buildSettings = {
				ASSETCATALOG_COMPILER_APPICON_NAME = AppIcon;
				ASSETCATALOG_COMPILER_GLOBAL_ACCENT_COLOR_NAME = AccentColor;
				CODE_SIGN_STYLE = Automatic;
				CURRENT_PROJECT_VERSION = 1;
				DEVELOPMENT_TEAM = A9S7ZDQSZC;
				GENERATE_INFOPLIST_FILE = YES;
				INFOPLIST_FILE = WebViewInCell/Info.plist;
				INFOPLIST_KEY_UIApplicationSupportsIndirectInputEvents = YES;
				INFOPLIST_KEY_UILaunchStoryboardName = LaunchScreen;
				INFOPLIST_KEY_UIMainStoryboardFile = Main;
				INFOPLIST_KEY_UISupportedInterfaceOrientations_iPad = "UIInterfaceOrientationPortrait UIInterfaceOrientationPortraitUpsideDown UIInterfaceOrientationLandscapeLeft UIInterfaceOrientationLandscapeRight";
				INFOPLIST_KEY_UISupportedInterfaceOrientations_iPhone = "UIInterfaceOrientationPortrait UIInterfaceOrientationLandscapeLeft UIInterfaceOrientationLandscapeRight";
				LD_RUNPATH_SEARCH_PATHS = (
					"$(inherited)",
					"@executable_path/Frameworks",
				);
				MARKETING_VERSION = 1.0;
				PRODUCT_BUNDLE_IDENTIFIER = com.sametkoyuncu.WebViewInCell;
				PRODUCT_NAME = "$(TARGET_NAME)";
				SWIFT_EMIT_LOC_STRINGS = YES;
				SWIFT_VERSION = 5.0;
				TARGETED_DEVICE_FAMILY = "1,2";
			};
			name = Release;
		};
/* End XCBuildConfiguration section */

/* Begin XCConfigurationList section */
		C5EAD94B2924D9AE00D44073 /* Build configuration list for PBXProject "WebViewInCell" */ = {
			isa = XCConfigurationList;
			buildConfigurations = (
				C5EAD9622924D9AF00D44073 /* Debug */,
				C5EAD9632924D9AF00D44073 /* Release */,
			);
			defaultConfigurationIsVisible = 0;
			defaultConfigurationName = Release;
		};
		C5EAD9642924D9AF00D44073 /* Build configuration list for PBXNativeTarget "WebViewInCell" */ = {
			isa = XCConfigurationList;
			buildConfigurations = (
				C5EAD9652924D9AF00D44073 /* Debug */,
				C5EAD9662924D9AF00D44073 /* Release */,
			);
			defaultConfigurationIsVisible = 0;
			defaultConfigurationName = Release;
		};
/* End XCConfigurationList section */
	};
	rootObject = C5EAD9482924D9AE00D44073 /* Project object */;
}
